
Microsoft Visual Studio Solution File, Format Version 12.00
# Visual Studio Version 16
VisualStudioVersion = 16.0.31702.278
MinimumVisualStudioVersion = 10.0.40219.1
Project("{FAE04EC0-301F-11D3-BF4B-00C04F79EFBC}") = "LecturerManagermentCodeFirst.API", "LecturerManagermentCodeFirst.API\LecturerManagermentCodeFirst.API.csproj", "{85B65FC1-7F0D-4C0D-BA9A-299E108D0072}"
EndProject
Project("{FAE04EC0-301F-11D3-BF4B-00C04F79EFBC}") = "LecturerManagermentCodeFirst.DTO", "LecturerManagermentCodeFirst.DTO\LecturerManagermentCodeFirst.DTO.csproj", "{4AA286D9-A9F4-4865-9972-FB4B2388C142}"
EndProject
Global
	GlobalSection(SolutionConfigurationPlatforms) = preSolution
		Debug|Any CPU = Debug|Any CPU
		Release|Any CPU = Release|Any CPU
	EndGlobalSection
	GlobalSection(ProjectConfigurationPlatforms) = postSolution
		{85B65FC1-7F0D-4C0D-BA9A-299E108D0072}.Debug|Any CPU.ActiveCfg = Debug|Any CPU
		{85B65FC1-7F0D-4C0D-BA9A-299E108D0072}.Debug|Any CPU.Build.0 = Debug|Any CPU
		{85B65FC1-7F0D-4C0D-BA9A-299E108D0072}.Release|Any CPU.ActiveCfg = Release|Any CPU
		{85B65FC1-7F0D-4C0D-BA9A-299E108D0072}.Release|Any CPU.Build.0 = Release|Any CPU
		{4AA286D9-A9F4-4865-9972-FB4B2388C142}.Debug|Any CPU.ActiveCfg = Debug|Any CPU
		{4AA286D9-A9F4-4865-9972-FB4B2388C142}.Debug|Any CPU.Build.0 = Debug|Any CPU
		{4AA286D9-A9F4-4865-9972-FB4B2388C142}.Release|Any CPU.ActiveCfg = Release|Any CPU
		{4AA286D9-A9F4-4865-9972-FB4B2388C142}.Release|Any CPU.Build.0 = Release|Any CPU
	EndGlobalSection
	GlobalSection(SolutionProperties) = preSolution
		HideSolutionNode = FALSE
	EndGlobalSection
	GlobalSection(ExtensibilityGlobals) = postSolution
		SolutionGuid = {AAE0D1A8-74EB-4AD2-BCD4-553AF1F77AFE}
	EndGlobalSection
EndGlobal
