
Microsoft Visual Studio Solution File, Format Version 12.00
# Visual Studio Version 16
VisualStudioVersion = 16.0.31702.278
MinimumVisualStudioVersion = 10.0.40219.1
Project("{FAE04EC0-301F-11D3-BF4B-00C04F79EFBC}") = "LectureManagermentCodeFirst.API", "LectureManagermentCodeFirst.API\LectureManagermentCodeFirst.API.csproj", "{705DAF53-12C9-40CD-B4D3-58A4314ABC47}"
EndProject
Project("{FAE04EC0-301F-11D3-BF4B-00C04F79EFBC}") = "LectureManagermentCodeFirst.DTO", "LectureManagermentCodeFirst.DTO\LectureManagermentCodeFirst.DTO.csproj", "{15CE6A08-79CC-4FDF-8308-06CEEE56D1FC}"
EndProject
Global
	GlobalSection(SolutionConfigurationPlatforms) = preSolution
		Debug|Any CPU = Debug|Any CPU
		Release|Any CPU = Release|Any CPU
	EndGlobalSection
	GlobalSection(ProjectConfigurationPlatforms) = postSolution
		{705DAF53-12C9-40CD-B4D3-58A4314ABC47}.Debug|Any CPU.ActiveCfg = Debug|Any CPU
		{705DAF53-12C9-40CD-B4D3-58A4314ABC47}.Debug|Any CPU.Build.0 = Debug|Any CPU
		{705DAF53-12C9-40CD-B4D3-58A4314ABC47}.Release|Any CPU.ActiveCfg = Release|Any CPU
		{705DAF53-12C9-40CD-B4D3-58A4314ABC47}.Release|Any CPU.Build.0 = Release|Any CPU
		{15CE6A08-79CC-4FDF-8308-06CEEE56D1FC}.Debug|Any CPU.ActiveCfg = Debug|Any CPU
		{15CE6A08-79CC-4FDF-8308-06CEEE56D1FC}.Debug|Any CPU.Build.0 = Debug|Any CPU
		{15CE6A08-79CC-4FDF-8308-06CEEE56D1FC}.Release|Any CPU.ActiveCfg = Release|Any CPU
		{15CE6A08-79CC-4FDF-8308-06CEEE56D1FC}.Release|Any CPU.Build.0 = Release|Any CPU
	EndGlobalSection
	GlobalSection(SolutionProperties) = preSolution
		HideSolutionNode = FALSE
	EndGlobalSection
	GlobalSection(ExtensibilityGlobals) = postSolution
		SolutionGuid = {AAE0D1A8-74EB-4AD2-BCD4-553AF1F77AFE}
	EndGlobalSection
EndGlobal
