
Microsoft Visual Studio Solution File, Format Version 12.00
# Visual Studio Version 17
VisualStudioVersion = 17.0.32014.148
MinimumVisualStudioVersion = 10.0.40219.1
Project("{9A19103F-16F7-4668-BE54-9A1E7A4F7556}") = "LecturerManagement.API", "LecturerManagement.API\LecturerManagement.API.csproj", "{7F7048FF-06AE-418B-A47C-2C2CC8CB6AE6}"
EndProject
Project("{9A19103F-16F7-4668-BE54-9A1E7A4F7556}") = "LecturerManagement.Core", "LecturerManagement.Core\LecturerManagement.Core.csproj", "{6CE48689-8ABC-4227-9F07-64B7D32FCAF3}"
EndProject
Project("{9A19103F-16F7-4668-BE54-9A1E7A4F7556}") = "LecturerManagement.DTOS", "LecturerManagement.DTOS\LecturerManagement.DTOS.csproj", "{F1024A89-D863-44C8-93AB-EF3A2CDA1C03}"
EndProject
Project("{9A19103F-16F7-4668-BE54-9A1E7A4F7556}") = "LecturerManagement.Service", "LecturerManagement.Service\LecturerManagement.Service.csproj", "{EFDC20F4-7153-4DCD-8B53-6685F63E34E5}"
EndProject
Project("{FAE04EC0-301F-11D3-BF4B-00C04F79EFBC}") = "LecturerManagement.Wasm", "LecturerManagement.Wasm\LecturerManagement.Wasm.csproj", "{457626BB-1EF4-4EED-8313-7BBB62E98C8B}"
EndProject
Global
	GlobalSection(SolutionConfigurationPlatforms) = preSolution
		Debug|Any CPU = Debug|Any CPU
		Release|Any CPU = Release|Any CPU
	EndGlobalSection
	GlobalSection(ProjectConfigurationPlatforms) = postSolution
		{7F7048FF-06AE-418B-A47C-2C2CC8CB6AE6}.Debug|Any CPU.ActiveCfg = Debug|Any CPU
		{7F7048FF-06AE-418B-A47C-2C2CC8CB6AE6}.Debug|Any CPU.Build.0 = Debug|Any CPU
		{7F7048FF-06AE-418B-A47C-2C2CC8CB6AE6}.Release|Any CPU.ActiveCfg = Release|Any CPU
		{7F7048FF-06AE-418B-A47C-2C2CC8CB6AE6}.Release|Any CPU.Build.0 = Release|Any CPU
		{6CE48689-8ABC-4227-9F07-64B7D32FCAF3}.Debug|Any CPU.ActiveCfg = Debug|Any CPU
		{6CE48689-8ABC-4227-9F07-64B7D32FCAF3}.Debug|Any CPU.Build.0 = Debug|Any CPU
		{6CE48689-8ABC-4227-9F07-64B7D32FCAF3}.Release|Any CPU.ActiveCfg = Release|Any CPU
		{6CE48689-8ABC-4227-9F07-64B7D32FCAF3}.Release|Any CPU.Build.0 = Release|Any CPU
		{F1024A89-D863-44C8-93AB-EF3A2CDA1C03}.Debug|Any CPU.ActiveCfg = Debug|Any CPU
		{F1024A89-D863-44C8-93AB-EF3A2CDA1C03}.Debug|Any CPU.Build.0 = Debug|Any CPU
		{F1024A89-D863-44C8-93AB-EF3A2CDA1C03}.Release|Any CPU.ActiveCfg = Release|Any CPU
		{F1024A89-D863-44C8-93AB-EF3A2CDA1C03}.Release|Any CPU.Build.0 = Release|Any CPU
		{EFDC20F4-7153-4DCD-8B53-6685F63E34E5}.Debug|Any CPU.ActiveCfg = Debug|Any CPU
		{EFDC20F4-7153-4DCD-8B53-6685F63E34E5}.Debug|Any CPU.Build.0 = Debug|Any CPU
		{EFDC20F4-7153-4DCD-8B53-6685F63E34E5}.Release|Any CPU.ActiveCfg = Release|Any CPU
		{EFDC20F4-7153-4DCD-8B53-6685F63E34E5}.Release|Any CPU.Build.0 = Release|Any CPU
		{457626BB-1EF4-4EED-8313-7BBB62E98C8B}.Debug|Any CPU.ActiveCfg = Debug|Any CPU
		{457626BB-1EF4-4EED-8313-7BBB62E98C8B}.Debug|Any CPU.Build.0 = Debug|Any CPU
		{457626BB-1EF4-4EED-8313-7BBB62E98C8B}.Release|Any CPU.ActiveCfg = Release|Any CPU
		{457626BB-1EF4-4EED-8313-7BBB62E98C8B}.Release|Any CPU.Build.0 = Release|Any CPU
	EndGlobalSection
	GlobalSection(SolutionProperties) = preSolution
		HideSolutionNode = FALSE
	EndGlobalSection
	GlobalSection(ExtensibilityGlobals) = postSolution
		SolutionGuid = {AAE0D1A8-74EB-4AD2-BCD4-553AF1F77AFE}
	EndGlobalSection
EndGlobal
